
Microsoft Visual Studio Solution File, Format Version 12.00
# Visual Studio 2012
Project("{FAE04EC0-301F-11D3-BF4B-00C04F79EFBC}") = "ConcentrationForm", "ConcentrationForm\ConcentrationForm.csproj", "{085B6955-93EC-4025-A218-37ED52127C24}"
EndProject
Global
	GlobalSection(SolutionConfigurationPlatforms) = preSolution
		Debug|Any CPU = Debug|Any CPU
		Release|Any CPU = Release|Any CPU
	EndGlobalSection
	GlobalSection(ProjectConfigurationPlatforms) = postSolution
		{085B6955-93EC-4025-A218-37ED52127C24}.Debug|Any CPU.ActiveCfg = Debug|Any CPU
		{085B6955-93EC-4025-A218-37ED52127C24}.Debug|Any CPU.Build.0 = Debug|Any CPU
		{085B6955-93EC-4025-A218-37ED52127C24}.Release|Any CPU.ActiveCfg = Release|Any CPU
		{085B6955-93EC-4025-A218-37ED52127C24}.Release|Any CPU.Build.0 = Release|Any CPU
	EndGlobalSection
	GlobalSection(SolutionProperties) = preSolution
		HideSolutionNode = FALSE
	EndGlobalSection
EndGlobal
